// !$*UTF8*$!
{
	archiveVersion = 1;
	classes = {
	};
	objectVersion = 50;
	objects = {

/* Begin PBXBuildFile section */
		526144C62FA41DD9009D82ED /* Quiz.swift in Sources */ = {isa = PBXBuildFile; fileRef = 526144C52FA41DD9009D82ED /* Quiz.swift */; };
		526144C92FA41DE8009D82ED /* Pregunta.swift in Sources */ = {isa = PBXBuildFile; fileRef = 526144C82FA41DE8009D82ED /* Pregunta.swift */; };
		526144CD2FA41E0A009D82ED /* GroqManager.swift in Sources */ = {isa = PBXBuildFile; fileRef = 526144CC2FA41E0A009D82ED /* GroqManager.swift */; };
		526144D02FA41E16009D82ED /* SQLiteManager.swift in Sources */ = {isa = PBXBuildFile; fileRef = 526144CF2FA41E16009D82ED /* SQLiteManager.swift */; };
		526144D92FA41E41009D82ED /* MisQuizzesViewController.swift in Sources */ = {isa = PBXBuildFile; fileRef = 526144D62FA41E41009D82ED /* MisQuizzesViewController.swift */; };
		526144DA2FA41E41009D82ED /* ModoEstudioViewController.swift in Sources */ = {isa = PBXBuildFile; fileRef = 526144D72FA41E41009D82ED /* ModoEstudioViewController.swift */; };
		526144DB2FA41E41009D82ED /* MainTabBarController.swift in Sources */ = {isa = PBXBuildFile; fileRef = 526144D82FA41E41009D82ED /* MainTabBarController.swift */; };
		526144DF2FA41E50009D82ED /* CrearQuizViewController.swift in Sources */ = {isa = PBXBuildFile; fileRef = 526144DD2FA41E50009D82ED /* CrearQuizViewController.swift */; };
		526144E02FA41E50009D82ED /* GeneracionIAViewController.swift in Sources */ = {isa = PBXBuildFile; fileRef = 526144DE2FA41E50009D82ED /* GeneracionIAViewController.swift */; };
		526144E32FA41E5C009D82ED /* AgregarPreguntaViewController.swift in Sources */ = {isa = PBXBuildFile; fileRef = 526144E22FA41E5C009D82ED /* AgregarPreguntaViewController.swift */; };
		5267420D2F70AC5D00169896 /* AppDelegate.swift in Sources */ = {isa = PBXBuildFile; fileRef = 5267420C2F70AC5D00169896 /* AppDelegate.swift */; };
		5267420F2F70AC5D00169896 /* SceneDelegate.swift in Sources */ = {isa = PBXBuildFile; fileRef = 5267420E2F70AC5D00169896 /* SceneDelegate.swift */; };
		526742162F70AC5E00169896 /* Assets.xcassets in Resources */ = {isa = PBXBuildFile; fileRef = 526742152F70AC5E00169896 /* Assets.xcassets */; };
		526742192F70AC5E00169896 /* LaunchScreen.storyboard in Resources */ = {isa = PBXBuildFile; fileRef = 526742172F70AC5E00169896 /* LaunchScreen.storyboard */; };
		52EDD3832F95E1F100A20993 /* libsqlite3.tbd in Frameworks */ = {isa = PBXBuildFile; fileRef = 52EDD3822F95E1F100A20993 /* libsqlite3.tbd */; };
/* End PBXBuildFile section */

/* Begin PBXFileReference section */
		526144C52FA41DD9009D82ED /* Quiz.swift */ = {isa = PBXFileReference; fileEncoding = 4; lastKnownFileType = sourcecode.swift; name = Quiz.swift; path = "../../../files (2)/Quiz.swift"; sourceTree = "<group>"; };
		526144C82FA41DE8009D82ED /* Pregunta.swift */ = {isa = PBXFileReference; fileEncoding = 4; lastKnownFileType = sourcecode.swift; name = Pregunta.swift; path = "../../../files (2)/Pregunta.swift"; sourceTree = "<group>"; };
		526144CC2FA41E0A009D82ED /* GroqManager.swift */ = {isa = PBXFileReference; fileEncoding = 4; lastKnownFileType = sourcecode.swift; name = GroqManager.swift; path = "../../../../files (2)/GroqManager.swift"; sourceTree = "<group>"; };
		526144CF2FA41E16009D82ED /* SQLiteManager.swift */ = {isa = PBXFileReference; fileEncoding = 4; lastKnownFileType = sourcecode.swift; name = SQLiteManager.swift; path = "../../../../files (2)/SQLiteManager.swift"; sourceTree = "<group>"; };
		526144D62FA41E41009D82ED /* MisQuizzesViewController.swift */ = {isa = PBXFileReference; fileEncoding = 4; lastKnownFileType = sourcecode.swift; name = MisQuizzesViewController.swift; path = "../../../../files (2)/MisQuizzesViewController.swift"; sourceTree = "<group>"; };
		526144D72FA41E41009D82ED /* ModoEstudioViewController.swift */ = {isa = PBXFileReference; fileEncoding = 4; lastKnownFileType = sourcecode.swift; name = ModoEstudioViewController.swift; path = "../../../../files (2)/ModoEstudioViewController.swift"; sourceTree = "<group>"; };
		526144D82FA41E41009D82ED /* MainTabBarController.swift */ = {isa = PBXFileReference; fileEncoding = 4; lastKnownFileType = sourcecode.swift; name = MainTabBarController.swift; path = "../../../../files (2)/MainTabBarController.swift"; sourceTree = "<group>"; };
		526144DD2FA41E50009D82ED /* CrearQuizViewController.swift */ = {isa = PBXFileReference; fileEncoding = 4; lastKnownFileType = sourcecode.swift; name = CrearQuizViewController.swift; path = "../../../../files (2)/CrearQuizViewController.swift"; sourceTree = "<group>"; };
		526144DE2FA41E50009D82ED /* GeneracionIAViewController.swift */ = {isa = PBXFileReference; fileEncoding = 4; lastKnownFileType = sourcecode.swift; name = GeneracionIAViewController.swift; path = "../../../../files (2)/GeneracionIAViewController.swift"; sourceTree = "<group>"; };
		526144E22FA41E5C009D82ED /* AgregarPreguntaViewController.swift */ = {isa = PBXFileReference; fileEncoding = 4; lastKnownFileType = sourcecode.swift; name = AgregarPreguntaViewController.swift; path = "../../../../files (2)/AgregarPreguntaViewController.swift"; sourceTree = "<group>"; };
		526742092F70AC5D00169896 /* Proyecto_QuizIa.app */ = {isa = PBXFileReference; explicitFileType = wrapper.application; includeInIndex = 0; path = Proyecto_QuizIa.app; sourceTree = BUILT_PRODUCTS_DIR; };
		5267420C2F70AC5D00169896 /* AppDelegate.swift */ = {isa = PBXFileReference; lastKnownFileType = sourcecode.swift; path = AppDelegate.swift; sourceTree = "<group>"; };
		5267420E2F70AC5D00169896 /* SceneDelegate.swift */ = {isa = PBXFileReference; lastKnownFileType = sourcecode.swift; path = SceneDelegate.swift; sourceTree = "<group>"; };
		526742152F70AC5E00169896 /* Assets.xcassets */ = {isa = PBXFileReference; lastKnownFileType = folder.assetcatalog; path = Assets.xcassets; sourceTree = "<group>"; };
		526742182F70AC5E00169896 /* Base */ = {isa = PBXFileReference; lastKnownFileType = file.storyboard; name = Base; path = Base.lproj/LaunchScreen.storyboard; sourceTree = "<group>"; };
		5267421A2F70AC5E00169896 /* Info.plist */ = {isa = PBXFileReference; lastKnownFileType = text.plist.xml; path = Info.plist; sourceTree = "<group>"; };
		52EDD3822F95E1F100A20993 /* libsqlite3.tbd */ = {isa = PBXFileReference; lastKnownFileType = "sourcecode.text-based-dylib-definition"; name = libsqlite3.tbd; path = usr/lib/libsqlite3.tbd; sourceTree = SDKROOT; };
/* End PBXFileReference section */

/* Begin PBXFrameworksBuildPhase section */
		526742062F70AC5D00169896 /* Frameworks */ = {
			isa = PBXFrameworksBuildPhase;
			buildActionMask = 2147483647;
			files = (
				52EDD3832F95E1F100A20993 /* libsqlite3.tbd in Frameworks */,
			);
			runOnlyForDeploymentPostprocessing = 0;
		};
/* End PBXFrameworksBuildPhase section */

/* Begin PBXGroup section */
		524FF0CC2FA3F35400BD913D /* Views */ = {
			isa = PBXGroup;
			children = (
				526144E22FA41E5C009D82ED /* AgregarPreguntaViewController.swift */,
				526144DD2FA41E50009D82ED /* CrearQuizViewController.swift */,
				526144DE2FA41E50009D82ED /* GeneracionIAViewController.swift */,
				526144D82FA41E41009D82ED /* MainTabBarController.swift */,
				526144D62FA41E41009D82ED /* MisQuizzesViewController.swift */,
				526144D72FA41E41009D82ED /* ModoEstudioViewController.swift */,
			);
			path = Views;
			sourceTree = "<group>";
		};
		524FF0DA2FA3F61500BD913D /* App */ = {
			isa = PBXGroup;
			children = (
				5267420C2F70AC5D00169896 /* AppDelegate.swift */,
				5267420E2F70AC5D00169896 /* SceneDelegate.swift */,
			);
			path = App;
			sourceTree = "<group>";
		};
		526742002F70AC5D00169896 = {
			isa = PBXGroup;
			children = (
				5267420B2F70AC5D00169896 /* Proyecto_QuizIa */,
				5267420A2F70AC5D00169896 /* Products */,
				52EDD3812F95E1F100A20993 /* Frameworks */,
			);
			sourceTree = "<group>";
		};
		5267420A2F70AC5D00169896 /* Products */ = {
			isa = PBXGroup;
			children = (
				526742092F70AC5D00169896 /* Proyecto_QuizIa.app */,
			);
			name = Products;
			sourceTree = "<group>";
		};
		5267420B2F70AC5D00169896 /* Proyecto_QuizIa */ = {
			isa = PBXGroup;
			children = (
				524FF0DA2FA3F61500BD913D /* App */,
				524FF0CC2FA3F35400BD913D /* Views */,
				52EDD4042F95E68300A20993 /* Managers */,
				52EDD3792F95E06600A20993 /* Model */,
				526742152F70AC5E00169896 /* Assets.xcassets */,
				5267421A2F70AC5E00169896 /* Info.plist */,
				526742172F70AC5E00169896 /* LaunchScreen.storyboard */,
			);
			path = Proyecto_QuizIa;
			sourceTree = "<group>";
		};
		52EDD3792F95E06600A20993 /* Model */ = {
			isa = PBXGroup;
			children = (
				526144C82FA41DE8009D82ED /* Pregunta.swift */,
				526144C52FA41DD9009D82ED /* Quiz.swift */,
			);
			name = Model;
			sourceTree = "<group>";
		};
		52EDD3812F95E1F100A20993 /* Frameworks */ = {
			isa = PBXGroup;
			children = (
				52EDD3822F95E1F100A20993 /* libsqlite3.tbd */,
			);
			name = Frameworks;
			sourceTree = "<group>";
		};
		52EDD4042F95E68300A20993 /* Managers */ = {
			isa = PBXGroup;
			children = (
				526144CF2FA41E16009D82ED /* SQLiteManager.swift */,
				526144CC2FA41E0A009D82ED /* GroqManager.swift */,
			);
			path = Managers;
			sourceTree = "<group>";
		};
/* End PBXGroup section */

/* Begin PBXNativeTarget section */
		526742082F70AC5D00169896 /* Proyecto_QuizIa */ = {
			isa = PBXNativeTarget;
			buildConfigurationList = 5267421D2F70AC5E00169896 /* Build configuration list for PBXNativeTarget "Proyecto_QuizIa" */;
			buildPhases = (
				526742052F70AC5D00169896 /* Sources */,
				526742062F70AC5D00169896 /* Frameworks */,
				526742072F70AC5D00169896 /* Resources */,
			);
			buildRules = (
			);
			dependencies = (
			);
			name = Proyecto_QuizIa;
			productName = Proyecto_QuizIa;
			productReference = 526742092F70AC5D00169896 /* Proyecto_QuizIa.app */;
			productType = "com.apple.product-type.application";
		};
/* End PBXNativeTarget section */

/* Begin PBXProject section */
		526742012F70AC5D00169896 /* Project object */ = {
			isa = PBXProject;
			attributes = {
				LastSwiftUpdateCheck = 1240;
				LastUpgradeCheck = 1240;
				TargetAttributes = {
					526742082F70AC5D00169896 = {
						CreatedOnToolsVersion = 12.4;
					};
				};
			};
			buildConfigurationList = 526742042F70AC5D00169896 /* Build configuration list for PBXProject "Proyecto_QuizIa" */;
			compatibilityVersion = "Xcode 9.3";
			developmentRegion = en;
			hasScannedForEncodings = 0;
			knownRegions = (
				en,
				Base,
			);
			mainGroup = 526742002F70AC5D00169896;
			productRefGroup = 5267420A2F70AC5D00169896 /* Products */;
			projectDirPath = "";
			projectRoot = "";
			targets = (
				526742082F70AC5D00169896 /* Proyecto_QuizIa */,
			);
		};
/* End PBXProject section */

/* Begin PBXResourcesBuildPhase section */
		526742072F70AC5D00169896 /* Resources */ = {
			isa = PBXResourcesBuildPhase;
			buildActionMask = 2147483647;
			files = (
				526742192F70AC5E00169896 /* LaunchScreen.storyboard in Resources */,
				526742162F70AC5E00169896 /* Assets.xcassets in Resources */,
			);
			runOnlyForDeploymentPostprocessing = 0;
		};
/* End PBXResourcesBuildPhase section */

/* Begin PBXSourcesBuildPhase section */
		526742052F70AC5D00169896 /* Sources */ = {
			isa = PBXSourcesBuildPhase;
			buildActionMask = 2147483647;
			files = (
				5267420D2F70AC5D00169896 /* AppDelegate.swift in Sources */,
				526144C92FA41DE8009D82ED /* Pregunta.swift in Sources */,
				526144DB2FA41E41009D82ED /* MainTabBarController.swift in Sources */,
				526144C62FA41DD9009D82ED /* Quiz.swift in Sources */,
				526144E32FA41E5C009D82ED /* AgregarPreguntaViewController.swift in Sources */,
				526144D02FA41E16009D82ED /* SQLiteManager.swift in Sources */,
				526144CD2FA41E0A009D82ED /* GroqManager.swift in Sources */,
				526144DA2FA41E41009D82ED /* ModoEstudioViewController.swift in Sources */,
				526144D92FA41E41009D82ED /* MisQuizzesViewController.swift in Sources */,
				5267420F2F70AC5D00169896 /* SceneDelegate.swift in Sources */,
				526144DF2FA41E50009D82ED /* CrearQuizViewController.swift in Sources */,
				526144E02FA41E50009D82ED /* GeneracionIAViewController.swift in Sources */,
			);
			runOnlyForDeploymentPostprocessing = 0;
		};
/* End PBXSourcesBuildPhase section */

/* Begin PBXVariantGroup section */
		526742172F70AC5E00169896 /* LaunchScreen.storyboard */ = {
			isa = PBXVariantGroup;
			children = (
				526742182F70AC5E00169896 /* Base */,
			);
			name = LaunchScreen.storyboard;
			sourceTree = "<group>";
		};
/* End PBXVariantGroup section */

/* Begin XCBuildConfiguration section */
		5267421B2F70AC5E00169896 /* Debug */ = {
			isa = XCBuildConfiguration;
			buildSettings = {
				ALWAYS_SEARCH_USER_PATHS = NO;
				CLANG_ANALYZER_NONNULL = YES;
				CLANG_ANALYZER_NUMBER_OBJECT_CONVERSION = YES_AGGRESSIVE;
				CLANG_CXX_LANGUAGE_STANDARD = "gnu++14";
				CLANG_CXX_LIBRARY = "libc++";
				CLANG_ENABLE_MODULES = YES;
				CLANG_ENABLE_OBJC_ARC = YES;
				CLANG_ENABLE_OBJC_WEAK = YES;
				CLANG_WARN_BLOCK_CAPTURE_AUTORELEASING = YES;
				CLANG_WARN_BOOL_CONVERSION = YES;
				CLANG_WARN_COMMA = YES;
				CLANG_WARN_CONSTANT_CONVERSION = YES;
				CLANG_WARN_DEPRECATED_OBJC_IMPLEMENTATIONS = YES;
				CLANG_WARN_DIRECT_OBJC_ISA_USAGE = YES_ERROR;
				CLANG_WARN_DOCUMENTATION_COMMENTS = YES;
				CLANG_WARN_EMPTY_BODY = YES;
				CLANG_WARN_ENUM_CONVERSION = YES;
				CLANG_WARN_INFINITE_RECURSION = YES;
				CLANG_WARN_INT_CONVERSION = YES;
				CLANG_WARN_NON_LITERAL_NULL_CONVERSION = YES;
				CLANG_WARN_OBJC_IMPLICIT_RETAIN_SELF = YES;
				CLANG_WARN_OBJC_LITERAL_CONVERSION = YES;
				CLANG_WARN_OBJC_ROOT_CLASS = YES_ERROR;
				CLANG_WARN_QUOTED_INCLUDE_IN_FRAMEWORK_HEADER = YES;
				CLANG_WARN_RANGE_LOOP_ANALYSIS = YES;
				CLANG_WARN_STRICT_PROTOTYPES = YES;
				CLANG_WARN_SUSPICIOUS_MOVE = YES;
				CLANG_WARN_UNGUARDED_AVAILABILITY = YES_AGGRESSIVE;
				CLANG_WARN_UNREACHABLE_CODE = YES;
				CLANG_WARN__DUPLICATE_METHOD_MATCH = YES;
				COPY_PHASE_STRIP = NO;
				DEBUG_INFORMATION_FORMAT = dwarf;
				ENABLE_STRICT_OBJC_MSGSEND = YES;
				ENABLE_TESTABILITY = YES;
				GCC_C_LANGUAGE_STANDARD = gnu11;
				GCC_DYNAMIC_NO_PIC = NO;
				GCC_NO_COMMON_BLOCKS = YES;
				GCC_OPTIMIZATION_LEVEL = 0;
				GCC_PREPROCESSOR_DEFINITIONS = (
					"DEBUG=1",
					"$(inherited)",
				);
				GCC_WARN_64_TO_32_BIT_CONVERSION = YES;
				GCC_WARN_ABOUT_RETURN_TYPE = YES_ERROR;
				GCC_WARN_UNDECLARED_SELECTOR = YES;
				GCC_WARN_UNINITIALIZED_AUTOS = YES_AGGRESSIVE;
				GCC_WARN_UNUSED_FUNCTION = YES;
				GCC_WARN_UNUSED_VARIABLE = YES;
				IPHONEOS_DEPLOYMENT_TARGET = 14.4;
				MTL_ENABLE_DEBUG_INFO = INCLUDE_SOURCE;
				MTL_FAST_MATH = YES;
				ONLY_ACTIVE_ARCH = YES;
				SDKROOT = iphoneos;
				SWIFT_ACTIVE_COMPILATION_CONDITIONS = DEBUG;
				SWIFT_OPTIMIZATION_LEVEL = "-Onone";
			};
			name = Debug;
		};
		5267421C2F70AC5E00169896 /* Release */ = {
			isa = XCBuildConfiguration;
			buildSettings = {
				ALWAYS_SEARCH_USER_PATHS = NO;
				CLANG_ANALYZER_NONNULL = YES;
				CLANG_ANALYZER_NUMBER_OBJECT_CONVERSION = YES_AGGRESSIVE;
				CLANG_CXX_LANGUAGE_STANDARD = "gnu++14";
				CLANG_CXX_LIBRARY = "libc++";
				CLANG_ENABLE_MODULES = YES;
				CLANG_ENABLE_OBJC_ARC = YES;
				CLANG_ENABLE_OBJC_WEAK = YES;
				CLANG_WARN_BLOCK_CAPTURE_AUTORELEASING = YES;
				CLANG_WARN_BOOL_CONVERSION = YES;
				CLANG_WARN_COMMA = YES;
				CLANG_WARN_CONSTANT_CONVERSION = YES;
				CLANG_WARN_DEPRECATED_OBJC_IMPLEMENTATIONS = YES;
				CLANG_WARN_DIRECT_OBJC_ISA_USAGE = YES_ERROR;
				CLANG_WARN_DOCUMENTATION_COMMENTS = YES;
				CLANG_WARN_EMPTY_BODY = YES;
				CLANG_WARN_ENUM_CONVERSION = YES;
				CLANG_WARN_INFINITE_RECURSION = YES;
				CLANG_WARN_INT_CONVERSION = YES;
				CLANG_WARN_NON_LITERAL_NULL_CONVERSION = YES;
				CLANG_WARN_OBJC_IMPLICIT_RETAIN_SELF = YES;
				CLANG_WARN_OBJC_LITERAL_CONVERSION = YES;
				CLANG_WARN_OBJC_ROOT_CLASS = YES_ERROR;
				CLANG_WARN_QUOTED_INCLUDE_IN_FRAMEWORK_HEADER = YES;
				CLANG_WARN_RANGE_LOOP_ANALYSIS = YES;
				CLANG_WARN_STRICT_PROTOTYPES = YES;
				CLANG_WARN_SUSPICIOUS_MOVE = YES;
				CLANG_WARN_UNGUARDED_AVAILABILITY = YES_AGGRESSIVE;
				CLANG_WARN_UNREACHABLE_CODE = YES;
				CLANG_WARN__DUPLICATE_METHOD_MATCH = YES;
				COPY_PHASE_STRIP = NO;
				DEBUG_INFORMATION_FORMAT = "dwarf-with-dsym";
				ENABLE_NS_ASSERTIONS = NO;
				ENABLE_STRICT_OBJC_MSGSEND = YES;
				GCC_C_LANGUAGE_STANDARD = gnu11;
				GCC_NO_COMMON_BLOCKS = YES;
				GCC_WARN_64_TO_32_BIT_CONVERSION = YES;
				GCC_WARN_ABOUT_RETURN_TYPE = YES_ERROR;
				GCC_WARN_UNDECLARED_SELECTOR = YES;
				GCC_WARN_UNINITIALIZED_AUTOS = YES_AGGRESSIVE;
				GCC_WARN_UNUSED_FUNCTION = YES;
				GCC_WARN_UNUSED_VARIABLE = YES;
				IPHONEOS_DEPLOYMENT_TARGET = 14.4;
				MTL_ENABLE_DEBUG_INFO = NO;
				MTL_FAST_MATH = YES;
				SDKROOT = iphoneos;
				SWIFT_COMPILATION_MODE = wholemodule;
				SWIFT_OPTIMIZATION_LEVEL = "-O";
				VALIDATE_PRODUCT = YES;
			};
			name = Release;
		};
		5267421E2F70AC5E00169896 /* Debug */ = {
			isa = XCBuildConfiguration;
			buildSettings = {
				ASSETCATALOG_COMPILER_APPICON_NAME = AppIcon;
				ASSETCATALOG_COMPILER_GLOBAL_ACCENT_COLOR_NAME = AccentColor;
				CODE_SIGN_STYLE = Automatic;
				INFOPLIST_FILE = Proyecto_QuizIa/Info.plist;
				LD_RUNPATH_SEARCH_PATHS = (
					"$(inherited)",
					"@executable_path/Frameworks",
				);
				PRODUCT_BUNDLE_IDENTIFIER = "universidad.Proyecto-QuizIa";
				PRODUCT_NAME = "$(TARGET_NAME)";
				SWIFT_VERSION = 5.0;
				TARGETED_DEVICE_FAMILY = "1,2";
			};
			name = Debug;
		};
		5267421F2F70AC5E00169896 /* Release */ = {
			isa = XCBuildConfiguration;
			buildSettings = {
				ASSETCATALOG_COMPILER_APPICON_NAME = AppIcon;
				ASSETCATALOG_COMPILER_GLOBAL_ACCENT_COLOR_NAME = AccentColor;
				CODE_SIGN_STYLE = Automatic;
				INFOPLIST_FILE = Proyecto_QuizIa/Info.plist;
				LD_RUNPATH_SEARCH_PATHS = (
					"$(inherited)",
					"@executable_path/Frameworks",
				);
				PRODUCT_BUNDLE_IDENTIFIER = "universidad.Proyecto-QuizIa";
				PRODUCT_NAME = "$(TARGET_NAME)";
				SWIFT_VERSION = 5.0;
				TARGETED_DEVICE_FAMILY = "1,2";
			};
			name = Release;
		};
/* End XCBuildConfiguration section */

/* Begin XCConfigurationList section */
		526742042F70AC5D00169896 /* Build configuration list for PBXProject "Proyecto_QuizIa" */ = {
			isa = XCConfigurationList;
			buildConfigurations = (
				5267421B2F70AC5E00169896 /* Debug */,
				5267421C2F70AC5E00169896 /* Release */,
			);
			defaultConfigurationIsVisible = 0;
			defaultConfigurationName = Release;
		};
		5267421D2F70AC5E00169896 /* Build configuration list for PBXNativeTarget "Proyecto_QuizIa" */ = {
			isa = XCConfigurationList;
			buildConfigurations = (
				5267421E2F70AC5E00169896 /* Debug */,
				5267421F2F70AC5E00169896 /* Release */,
			);
			defaultConfigurationIsVisible = 0;
			defaultConfigurationName = Release;
		};
/* End XCConfigurationList section */
	};
	rootObject = 526742012F70AC5D00169896 /* Project object */;
}
