// !$*UTF8*$!
{
	archiveVersion = 1;
	classes = {
	};
	objectVersion = 50;
	objects = {

/* Begin PBXBuildFile section */
		524C537E2FA5391F00CD4D0B /* AppDelegate.swift in Sources */ = {isa = PBXBuildFile; fileRef = 524C537D2FA5391F00CD4D0B /* AppDelegate.swift */; };
		524C53802FA5391F00CD4D0B /* SceneDelegate.swift in Sources */ = {isa = PBXBuildFile; fileRef = 524C537F2FA5391F00CD4D0B /* SceneDelegate.swift */; };
		524C53872FA5392100CD4D0B /* Assets.xcassets in Resources */ = {isa = PBXBuildFile; fileRef = 524C53862FA5392100CD4D0B /* Assets.xcassets */; };
		524C538A2FA5392100CD4D0B /* LaunchScreen.storyboard in Resources */ = {isa = PBXBuildFile; fileRef = 524C53882FA5392100CD4D0B /* LaunchScreen.storyboard */; };
		528B54A32FA7E55E00BF7155 /* libsqlite3.tbd in Frameworks */ = {isa = PBXBuildFile; fileRef = 528B54A22FA7E55E00BF7155 /* libsqlite3.tbd */; };
		528B54A72FA7E6AB00BF7155 /* Pregunta.swift in Sources */ = {isa = PBXBuildFile; fileRef = 528B54A62FA7E6AB00BF7155 /* Pregunta.swift */; };
		528B54AA2FA7E6C200BF7155 /* Quiz.swift in Sources */ = {isa = PBXBuildFile; fileRef = 528B54A92FA7E6C200BF7155 /* Quiz.swift */; };
		528B54AD2FA7E6F200BF7155 /* SQLIiteManager.swift in Sources */ = {isa = PBXBuildFile; fileRef = 528B54AC2FA7E6F100BF7155 /* SQLIiteManager.swift */; };
		528B54B02FA7E70F00BF7155 /* GroqManager.swift in Sources */ = {isa = PBXBuildFile; fileRef = 528B54AF2FA7E70F00BF7155 /* GroqManager.swift */; };
		528B54B42FA7E79000BF7155 /* ModoEstudioViewController.swift in Sources */ = {isa = PBXBuildFile; fileRef = 528B54B32FA7E79000BF7155 /* ModoEstudioViewController.swift */; };
		528B54B72FA7E7A400BF7155 /* AgregarPreguntaViewController.swift in Sources */ = {isa = PBXBuildFile; fileRef = 528B54B62FA7E7A400BF7155 /* AgregarPreguntaViewController.swift */; };
		528B54BA2FA7E7B500BF7155 /* CrearQuizViewController.swift in Sources */ = {isa = PBXBuildFile; fileRef = 528B54B92FA7E7B500BF7155 /* CrearQuizViewController.swift */; };
		528B54C02FA7E7DD00BF7155 /* MainTabBarController.swift in Sources */ = {isa = PBXBuildFile; fileRef = 528B54BF2FA7E7DD00BF7155 /* MainTabBarController.swift */; };
		528B54C32FA7E7EC00BF7155 /* MisQuizzesViewController.swift in Sources */ = {isa = PBXBuildFile; fileRef = 528B54C22FA7E7EC00BF7155 /* MisQuizzesViewController.swift */; };
		528B54C72FA7E8D200BF7155 /* GeneracionIAViewController.swift in Sources */ = {isa = PBXBuildFile; fileRef = 528B54C62FA7E8D200BF7155 /* GeneracionIAViewController.swift */; };
/* End PBXBuildFile section */

/* Begin PBXFileReference section */
		524C537A2FA5391F00CD4D0B /* QUIZIA 2.app */ = {isa = PBXFileReference; explicitFileType = wrapper.application; includeInIndex = 0; path = "QUIZIA 2.app"; sourceTree = BUILT_PRODUCTS_DIR; };
		524C537D2FA5391F00CD4D0B /* AppDelegate.swift */ = {isa = PBXFileReference; lastKnownFileType = sourcecode.swift; path = AppDelegate.swift; sourceTree = "<group>"; };
		524C537F2FA5391F00CD4D0B /* SceneDelegate.swift */ = {isa = PBXFileReference; lastKnownFileType = sourcecode.swift; path = SceneDelegate.swift; sourceTree = "<group>"; };
		524C53862FA5392100CD4D0B /* Assets.xcassets */ = {isa = PBXFileReference; lastKnownFileType = folder.assetcatalog; path = Assets.xcassets; sourceTree = "<group>"; };
		524C53892FA5392100CD4D0B /* Base */ = {isa = PBXFileReference; lastKnownFileType = file.storyboard; name = Base; path = Base.lproj/LaunchScreen.storyboard; sourceTree = "<group>"; };
		524C538B2FA5392100CD4D0B /* Info.plist */ = {isa = PBXFileReference; lastKnownFileType = text.plist.xml; path = Info.plist; sourceTree = "<group>"; };
		528B54A22FA7E55E00BF7155 /* libsqlite3.tbd */ = {isa = PBXFileReference; lastKnownFileType = "sourcecode.text-based-dylib-definition"; name = libsqlite3.tbd; path = usr/lib/libsqlite3.tbd; sourceTree = SDKROOT; };
		528B54A62FA7E6AB00BF7155 /* Pregunta.swift */ = {isa = PBXFileReference; lastKnownFileType = sourcecode.swift; path = Pregunta.swift; sourceTree = "<group>"; };
		528B54A92FA7E6C200BF7155 /* Quiz.swift */ = {isa = PBXFileReference; lastKnownFileType = sourcecode.swift; path = Quiz.swift; sourceTree = "<group>"; };
		528B54AC2FA7E6F100BF7155 /* SQLIiteManager.swift */ = {isa = PBXFileReference; lastKnownFileType = sourcecode.swift; path = SQLIiteManager.swift; sourceTree = "<group>"; };
		528B54AF2FA7E70F00BF7155 /* GroqManager.swift */ = {isa = PBXFileReference; lastKnownFileType = sourcecode.swift; path = GroqManager.swift; sourceTree = "<group>"; };
		528B54B32FA7E79000BF7155 /* ModoEstudioViewController.swift */ = {isa = PBXFileReference; lastKnownFileType = sourcecode.swift; path = ModoEstudioViewController.swift; sourceTree = "<group>"; };
		528B54B62FA7E7A400BF7155 /* AgregarPreguntaViewController.swift */ = {isa = PBXFileReference; lastKnownFileType = sourcecode.swift; path = AgregarPreguntaViewController.swift; sourceTree = "<group>"; };
		528B54B92FA7E7B500BF7155 /* CrearQuizViewController.swift */ = {isa = PBXFileReference; lastKnownFileType = sourcecode.swift; path = CrearQuizViewController.swift; sourceTree = "<group>"; };
		528B54BF2FA7E7DD00BF7155 /* MainTabBarController.swift */ = {isa = PBXFileReference; lastKnownFileType = sourcecode.swift; path = MainTabBarController.swift; sourceTree = "<group>"; };
		528B54C22FA7E7EC00BF7155 /* MisQuizzesViewController.swift */ = {isa = PBXFileReference; lastKnownFileType = sourcecode.swift; path = MisQuizzesViewController.swift; sourceTree = "<group>"; };
		528B54C62FA7E8D200BF7155 /* GeneracionIAViewController.swift */ = {isa = PBXFileReference; lastKnownFileType = sourcecode.swift; path = GeneracionIAViewController.swift; sourceTree = "<group>"; };
/* End PBXFileReference section */

/* Begin PBXFrameworksBuildPhase section */
		524C53772FA5391F00CD4D0B /* Frameworks */ = {
			isa = PBXFrameworksBuildPhase;
			buildActionMask = 2147483647;
			files = (
				528B54A32FA7E55E00BF7155 /* libsqlite3.tbd in Frameworks */,
			);
			runOnlyForDeploymentPostprocessing = 0;
		};
/* End PBXFrameworksBuildPhase section */

/* Begin PBXGroup section */
		524C53712FA5391F00CD4D0B = {
			isa = PBXGroup;
			children = (
				524C537C2FA5391F00CD4D0B /* QUIZIA 2 */,
				524C537B2FA5391F00CD4D0B /* Products */,
				528B54A12FA7E55E00BF7155 /* Frameworks */,
			);
			sourceTree = "<group>";
		};
		524C537B2FA5391F00CD4D0B /* Products */ = {
			isa = PBXGroup;
			children = (
				524C537A2FA5391F00CD4D0B /* QUIZIA 2.app */,
			);
			name = Products;
			sourceTree = "<group>";
		};
		524C537C2FA5391F00CD4D0B /* QUIZIA 2 */ = {
			isa = PBXGroup;
			children = (
				528B54A52FA7E68A00BF7155 /* Model */,
				524C53952FA539CA00CD4D0B /* Managers */,
				524C53942FA539B800CD4D0B /* Views */,
				524C53932FA5399C00CD4D0B /* App */,
				524C53862FA5392100CD4D0B /* Assets.xcassets */,
				524C53882FA5392100CD4D0B /* LaunchScreen.storyboard */,
				524C538B2FA5392100CD4D0B /* Info.plist */,
			);
			path = "QUIZIA 2";
			sourceTree = "<group>";
		};
		524C53932FA5399C00CD4D0B /* App */ = {
			isa = PBXGroup;
			children = (
				524C537F2FA5391F00CD4D0B /* SceneDelegate.swift */,
				524C537D2FA5391F00CD4D0B /* AppDelegate.swift */,
			);
			path = App;
			sourceTree = "<group>";
		};
		524C53942FA539B800CD4D0B /* Views */ = {
			isa = PBXGroup;
			children = (
				528B54B32FA7E79000BF7155 /* ModoEstudioViewController.swift */,
				528B54B62FA7E7A400BF7155 /* AgregarPreguntaViewController.swift */,
				528B54B92FA7E7B500BF7155 /* CrearQuizViewController.swift */,
				528B54BF2FA7E7DD00BF7155 /* MainTabBarController.swift */,
				528B54C22FA7E7EC00BF7155 /* MisQuizzesViewController.swift */,
				528B54C62FA7E8D200BF7155 /* GeneracionIAViewController.swift */,
			);
			path = Views;
			sourceTree = "<group>";
		};
		524C53952FA539CA00CD4D0B /* Managers */ = {
			isa = PBXGroup;
			children = (
				528B54AC2FA7E6F100BF7155 /* SQLIiteManager.swift */,
				528B54AF2FA7E70F00BF7155 /* GroqManager.swift */,
			);
			path = Managers;
			sourceTree = "<group>";
		};
		528B54A12FA7E55E00BF7155 /* Frameworks */ = {
			isa = PBXGroup;
			children = (
				528B54A22FA7E55E00BF7155 /* libsqlite3.tbd */,
			);
			name = Frameworks;
			sourceTree = "<group>";
		};
		528B54A52FA7E68A00BF7155 /* Model */ = {
			isa = PBXGroup;
			children = (
				528B54A62FA7E6AB00BF7155 /* Pregunta.swift */,
				528B54A92FA7E6C200BF7155 /* Quiz.swift */,
			);
			name = Model;
			sourceTree = "<group>";
		};
/* End PBXGroup section */

/* Begin PBXNativeTarget section */
		524C53792FA5391F00CD4D0B /* QUIZIA 2 */ = {
			isa = PBXNativeTarget;
			buildConfigurationList = 524C538E2FA5392100CD4D0B /* Build configuration list for PBXNativeTarget "QUIZIA 2" */;
			buildPhases = (
				524C53762FA5391F00CD4D0B /* Sources */,
				524C53772FA5391F00CD4D0B /* Frameworks */,
				524C53782FA5391F00CD4D0B /* Resources */,
			);
			buildRules = (
			);
			dependencies = (
			);
			name = "QUIZIA 2";
			productName = "QUIZIA 2";
			productReference = 524C537A2FA5391F00CD4D0B /* QUIZIA 2.app */;
			productType = "com.apple.product-type.application";
		};
/* End PBXNativeTarget section */

/* Begin PBXProject section */
		524C53722FA5391F00CD4D0B /* Project object */ = {
			isa = PBXProject;
			attributes = {
				LastSwiftUpdateCheck = 1240;
				LastUpgradeCheck = 1240;
				TargetAttributes = {
					524C53792FA5391F00CD4D0B = {
						CreatedOnToolsVersion = 12.4;
					};
				};
			};
			buildConfigurationList = 524C53752FA5391F00CD4D0B /* Build configuration list for PBXProject "QUIZIA 2" */;
			compatibilityVersion = "Xcode 9.3";
			developmentRegion = en;
			hasScannedForEncodings = 0;
			knownRegions = (
				en,
				Base,
			);
			mainGroup = 524C53712FA5391F00CD4D0B;
			productRefGroup = 524C537B2FA5391F00CD4D0B /* Products */;
			projectDirPath = "";
			projectRoot = "";
			targets = (
				524C53792FA5391F00CD4D0B /* QUIZIA 2 */,
			);
		};
/* End PBXProject section */

/* Begin PBXResourcesBuildPhase section */
		524C53782FA5391F00CD4D0B /* Resources */ = {
			isa = PBXResourcesBuildPhase;
			buildActionMask = 2147483647;
			files = (
				524C538A2FA5392100CD4D0B /* LaunchScreen.storyboard in Resources */,
				524C53872FA5392100CD4D0B /* Assets.xcassets in Resources */,
			);
			runOnlyForDeploymentPostprocessing = 0;
		};
/* End PBXResourcesBuildPhase section */

/* Begin PBXSourcesBuildPhase section */
		524C53762FA5391F00CD4D0B /* Sources */ = {
			isa = PBXSourcesBuildPhase;
			buildActionMask = 2147483647;
			files = (
				528B54C32FA7E7EC00BF7155 /* MisQuizzesViewController.swift in Sources */,
				528B54AA2FA7E6C200BF7155 /* Quiz.swift in Sources */,
				524C537E2FA5391F00CD4D0B /* AppDelegate.swift in Sources */,
				528B54C02FA7E7DD00BF7155 /* MainTabBarController.swift in Sources */,
				528B54BA2FA7E7B500BF7155 /* CrearQuizViewController.swift in Sources */,
				528B54AD2FA7E6F200BF7155 /* SQLIiteManager.swift in Sources */,
				528B54B42FA7E79000BF7155 /* ModoEstudioViewController.swift in Sources */,
				528B54B72FA7E7A400BF7155 /* AgregarPreguntaViewController.swift in Sources */,
				528B54B02FA7E70F00BF7155 /* GroqManager.swift in Sources */,
				524C53802FA5391F00CD4D0B /* SceneDelegate.swift in Sources */,
				528B54C72FA7E8D200BF7155 /* GeneracionIAViewController.swift in Sources */,
				528B54A72FA7E6AB00BF7155 /* Pregunta.swift in Sources */,
			);
			runOnlyForDeploymentPostprocessing = 0;
		};
/* End PBXSourcesBuildPhase section */

/* Begin PBXVariantGroup section */
		524C53882FA5392100CD4D0B /* LaunchScreen.storyboard */ = {
			isa = PBXVariantGroup;
			children = (
				524C53892FA5392100CD4D0B /* Base */,
			);
			name = LaunchScreen.storyboard;
			sourceTree = "<group>";
		};
/* End PBXVariantGroup section */

/* Begin XCBuildConfiguration section */
		524C538C2FA5392100CD4D0B /* Debug */ = {
			isa = XCBuildConfiguration;
			buildSettings = {
				ALWAYS_SEARCH_USER_PATHS = NO;
				CLANG_ANALYZER_NONNULL = YES;
				CLANG_ANALYZER_NUMBER_OBJECT_CONVERSION = YES_AGGRESSIVE;
				CLANG_CXX_LANGUAGE_STANDARD = "gnu++14";
				CLANG_CXX_LIBRARY = "libc++";
				CLANG_ENABLE_MODULES = YES;
				CLANG_ENABLE_OBJC_ARC = YES;
				CLANG_ENABLE_OBJC_WEAK = YES;
				CLANG_WARN_BLOCK_CAPTURE_AUTORELEASING = YES;
				CLANG_WARN_BOOL_CONVERSION = YES;
				CLANG_WARN_COMMA = YES;
				CLANG_WARN_CONSTANT_CONVERSION = YES;
				CLANG_WARN_DEPRECATED_OBJC_IMPLEMENTATIONS = YES;
				CLANG_WARN_DIRECT_OBJC_ISA_USAGE = YES_ERROR;
				CLANG_WARN_DOCUMENTATION_COMMENTS = YES;
				CLANG_WARN_EMPTY_BODY = YES;
				CLANG_WARN_ENUM_CONVERSION = YES;
				CLANG_WARN_INFINITE_RECURSION = YES;
				CLANG_WARN_INT_CONVERSION = YES;
				CLANG_WARN_NON_LITERAL_NULL_CONVERSION = YES;
				CLANG_WARN_OBJC_IMPLICIT_RETAIN_SELF = YES;
				CLANG_WARN_OBJC_LITERAL_CONVERSION = YES;
				CLANG_WARN_OBJC_ROOT_CLASS = YES_ERROR;
				CLANG_WARN_QUOTED_INCLUDE_IN_FRAMEWORK_HEADER = YES;
				CLANG_WARN_RANGE_LOOP_ANALYSIS = YES;
				CLANG_WARN_STRICT_PROTOTYPES = YES;
				CLANG_WARN_SUSPICIOUS_MOVE = YES;
				CLANG_WARN_UNGUARDED_AVAILABILITY = YES_AGGRESSIVE;
				CLANG_WARN_UNREACHABLE_CODE = YES;
				CLANG_WARN__DUPLICATE_METHOD_MATCH = YES;
				COPY_PHASE_STRIP = NO;
				DEBUG_INFORMATION_FORMAT = dwarf;
				ENABLE_STRICT_OBJC_MSGSEND = YES;
				ENABLE_TESTABILITY = YES;
				GCC_C_LANGUAGE_STANDARD = gnu11;
				GCC_DYNAMIC_NO_PIC = NO;
				GCC_NO_COMMON_BLOCKS = YES;
				GCC_OPTIMIZATION_LEVEL = 0;
				GCC_PREPROCESSOR_DEFINITIONS = (
					"DEBUG=1",
					"$(inherited)",
				);
				GCC_WARN_64_TO_32_BIT_CONVERSION = YES;
				GCC_WARN_ABOUT_RETURN_TYPE = YES_ERROR;
				GCC_WARN_UNDECLARED_SELECTOR = YES;
				GCC_WARN_UNINITIALIZED_AUTOS = YES_AGGRESSIVE;
				GCC_WARN_UNUSED_FUNCTION = YES;
				GCC_WARN_UNUSED_VARIABLE = YES;
				IPHONEOS_DEPLOYMENT_TARGET = 14.4;
				MTL_ENABLE_DEBUG_INFO = INCLUDE_SOURCE;
				MTL_FAST_MATH = YES;
				ONLY_ACTIVE_ARCH = YES;
				SDKROOT = iphoneos;
				SWIFT_ACTIVE_COMPILATION_CONDITIONS = DEBUG;
				SWIFT_OPTIMIZATION_LEVEL = "-Onone";
			};
			name = Debug;
		};
		524C538D2FA5392100CD4D0B /* Release */ = {
			isa = XCBuildConfiguration;
			buildSettings = {
				ALWAYS_SEARCH_USER_PATHS = NO;
				CLANG_ANALYZER_NONNULL = YES;
				CLANG_ANALYZER_NUMBER_OBJECT_CONVERSION = YES_AGGRESSIVE;
				CLANG_CXX_LANGUAGE_STANDARD = "gnu++14";
				CLANG_CXX_LIBRARY = "libc++";
				CLANG_ENABLE_MODULES = YES;
				CLANG_ENABLE_OBJC_ARC = YES;
				CLANG_ENABLE_OBJC_WEAK = YES;
				CLANG_WARN_BLOCK_CAPTURE_AUTORELEASING = YES;
				CLANG_WARN_BOOL_CONVERSION = YES;
				CLANG_WARN_COMMA = YES;
				CLANG_WARN_CONSTANT_CONVERSION = YES;
				CLANG_WARN_DEPRECATED_OBJC_IMPLEMENTATIONS = YES;
				CLANG_WARN_DIRECT_OBJC_ISA_USAGE = YES_ERROR;
				CLANG_WARN_DOCUMENTATION_COMMENTS = YES;
				CLANG_WARN_EMPTY_BODY = YES;
				CLANG_WARN_ENUM_CONVERSION = YES;
				CLANG_WARN_INFINITE_RECURSION = YES;
				CLANG_WARN_INT_CONVERSION = YES;
				CLANG_WARN_NON_LITERAL_NULL_CONVERSION = YES;
				CLANG_WARN_OBJC_IMPLICIT_RETAIN_SELF = YES;
				CLANG_WARN_OBJC_LITERAL_CONVERSION = YES;
				CLANG_WARN_OBJC_ROOT_CLASS = YES_ERROR;
				CLANG_WARN_QUOTED_INCLUDE_IN_FRAMEWORK_HEADER = YES;
				CLANG_WARN_RANGE_LOOP_ANALYSIS = YES;
				CLANG_WARN_STRICT_PROTOTYPES = YES;
				CLANG_WARN_SUSPICIOUS_MOVE = YES;
				CLANG_WARN_UNGUARDED_AVAILABILITY = YES_AGGRESSIVE;
				CLANG_WARN_UNREACHABLE_CODE = YES;
				CLANG_WARN__DUPLICATE_METHOD_MATCH = YES;
				COPY_PHASE_STRIP = NO;
				DEBUG_INFORMATION_FORMAT = "dwarf-with-dsym";
				ENABLE_NS_ASSERTIONS = NO;
				ENABLE_STRICT_OBJC_MSGSEND = YES;
				GCC_C_LANGUAGE_STANDARD = gnu11;
				GCC_NO_COMMON_BLOCKS = YES;
				GCC_WARN_64_TO_32_BIT_CONVERSION = YES;
				GCC_WARN_ABOUT_RETURN_TYPE = YES_ERROR;
				GCC_WARN_UNDECLARED_SELECTOR = YES;
				GCC_WARN_UNINITIALIZED_AUTOS = YES_AGGRESSIVE;
				GCC_WARN_UNUSED_FUNCTION = YES;
				GCC_WARN_UNUSED_VARIABLE = YES;
				IPHONEOS_DEPLOYMENT_TARGET = 14.4;
				MTL_ENABLE_DEBUG_INFO = NO;
				MTL_FAST_MATH = YES;
				SDKROOT = iphoneos;
				SWIFT_COMPILATION_MODE = wholemodule;
				SWIFT_OPTIMIZATION_LEVEL = "-O";
				VALIDATE_PRODUCT = YES;
			};
			name = Release;
		};
		524C538F2FA5392100CD4D0B /* Debug */ = {
			isa = XCBuildConfiguration;
			buildSettings = {
				ASSETCATALOG_COMPILER_APPICON_NAME = AppIcon;
				ASSETCATALOG_COMPILER_GLOBAL_ACCENT_COLOR_NAME = AccentColor;
				CODE_SIGN_STYLE = Automatic;
				INFOPLIST_FILE = "QUIZIA 2/Info.plist";
				LD_RUNPATH_SEARCH_PATHS = (
					"$(inherited)",
					"@executable_path/Frameworks",
				);
				PRODUCT_BUNDLE_IDENTIFIER = "universidad.QUIZIA-2";
				PRODUCT_NAME = "$(TARGET_NAME)";
				SWIFT_VERSION = 5.0;
				TARGETED_DEVICE_FAMILY = "1,2";
			};
			name = Debug;
		};
		524C53902FA5392100CD4D0B /* Release */ = {
			isa = XCBuildConfiguration;
			buildSettings = {
				ASSETCATALOG_COMPILER_APPICON_NAME = AppIcon;
				ASSETCATALOG_COMPILER_GLOBAL_ACCENT_COLOR_NAME = AccentColor;
				CODE_SIGN_STYLE = Automatic;
				INFOPLIST_FILE = "QUIZIA 2/Info.plist";
				LD_RUNPATH_SEARCH_PATHS = (
					"$(inherited)",
					"@executable_path/Frameworks",
				);
				PRODUCT_BUNDLE_IDENTIFIER = "universidad.QUIZIA-2";
				PRODUCT_NAME = "$(TARGET_NAME)";
				SWIFT_VERSION = 5.0;
				TARGETED_DEVICE_FAMILY = "1,2";
			};
			name = Release;
		};
/* End XCBuildConfiguration section */

/* Begin XCConfigurationList section */
		524C53752FA5391F00CD4D0B /* Build configuration list for PBXProject "QUIZIA 2" */ = {
			isa = XCConfigurationList;
			buildConfigurations = (
				524C538C2FA5392100CD4D0B /* Debug */,
				524C538D2FA5392100CD4D0B /* Release */,
			);
			defaultConfigurationIsVisible = 0;
			defaultConfigurationName = Release;
		};
		524C538E2FA5392100CD4D0B /* Build configuration list for PBXNativeTarget "QUIZIA 2" */ = {
			isa = XCConfigurationList;
			buildConfigurations = (
				524C538F2FA5392100CD4D0B /* Debug */,
				524C53902FA5392100CD4D0B /* Release */,
			);
			defaultConfigurationIsVisible = 0;
			defaultConfigurationName = Release;
		};
/* End XCConfigurationList section */
	};
	rootObject = 524C53722FA5391F00CD4D0B /* Project object */;
}
